<?xml version="1.0" encoding="utf-8"?>
<Project ToolsVersion="4.0" xmlns="http://schemas.microsoft.com/developer/msbuild/2003">
  <ItemGroup>
    <ClInclude Include="NetLib\Define.h" />
    <ClInclude Include="NetLib\ILog.h" />
    <ClInclude Include="NetLib\ITcpNetwork.h" />
    <ClInclude Include="NetLib\ServerNetErrorCode.h" />
    <ClInclude Include="NetLib\TcpNetwork.h" />
    <ClInclude Include="conmanip.h" />
    <ClInclude Include="ConsoleLogger.h" />
    <ClInclude Include="ErrorCode.h" />
    <ClInclude Include="Server.h" />
    <ClInclude Include="main.h" />
  </ItemGroup>
  <ItemGroup>
    <ClCompile Include="NetLib\TcpNetwork.cpp" />
    <ClCompile Include="main.cpp" />
    <ClCompile Include="Server.cpp" />
  </ItemGroup>
  <ItemGroup>
    <None Include=".gitignore" />
  </ItemGroup>
</Project>